
Microsoft Visual Studio Solution File, Format Version 12.00
# Visual Studio Version 16
VisualStudioVersion = 16.0.29613.14
MinimumVisualStudioVersion = 10.0.40219.1
Project("{FAE04EC0-301F-11D3-BF4B-00C04F79EFBC}") = "Saldo", "Saldo\Saldo.csproj", "{A32712E7-0A7B-4298-867E-9FC2DF47DBEF}"
EndProject
Global
	GlobalSection(SolutionConfigurationPlatforms) = preSolution
		Debug|Any CPU = Debug|Any CPU
		Release|Any CPU = Release|Any CPU
	EndGlobalSection
	GlobalSection(ProjectConfigurationPlatforms) = postSolution
		{A32712E7-0A7B-4298-867E-9FC2DF47DBEF}.Debug|Any CPU.ActiveCfg = Debug|Any CPU
		{A32712E7-0A7B-4298-867E-9FC2DF47DBEF}.Debug|Any CPU.Build.0 = Debug|Any CPU
		{A32712E7-0A7B-4298-867E-9FC2DF47DBEF}.Release|Any CPU.ActiveCfg = Release|Any CPU
		{A32712E7-0A7B-4298-867E-9FC2DF47DBEF}.Release|Any CPU.Build.0 = Release|Any CPU
	EndGlobalSection
	GlobalSection(SolutionProperties) = preSolution
		HideSolutionNode = FALSE
	EndGlobalSection
	GlobalSection(ExtensibilityGlobals) = postSolution
		SolutionGuid = {11235DE0-2D8C-4CC4-AE69-FC3CBB89F965}
	EndGlobalSection
EndGlobal
