
Microsoft Visual Studio Solution File, Format Version 12.00
# Visual Studio Version 16
VisualStudioVersion = 16.0.29613.14
MinimumVisualStudioVersion = 10.0.40219.1
Project("{FAE04EC0-301F-11D3-BF4B-00C04F79EFBC}") = "Impostos", "Impostos\Impostos.csproj", "{3C89278B-FBA6-4377-B83D-1A052CDD158C}"
EndProject
Global
	GlobalSection(SolutionConfigurationPlatforms) = preSolution
		Debug|Any CPU = Debug|Any CPU
		Release|Any CPU = Release|Any CPU
	EndGlobalSection
	GlobalSection(ProjectConfigurationPlatforms) = postSolution
		{3C89278B-FBA6-4377-B83D-1A052CDD158C}.Debug|Any CPU.ActiveCfg = Debug|Any CPU
		{3C89278B-FBA6-4377-B83D-1A052CDD158C}.Debug|Any CPU.Build.0 = Debug|Any CPU
		{3C89278B-FBA6-4377-B83D-1A052CDD158C}.Release|Any CPU.ActiveCfg = Release|Any CPU
		{3C89278B-FBA6-4377-B83D-1A052CDD158C}.Release|Any CPU.Build.0 = Release|Any CPU
	EndGlobalSection
	GlobalSection(SolutionProperties) = preSolution
		HideSolutionNode = FALSE
	EndGlobalSection
	GlobalSection(ExtensibilityGlobals) = postSolution
		SolutionGuid = {A6114C47-29AD-4182-BC35-17C4E0FCDA18}
	EndGlobalSection
EndGlobal
