
Microsoft Visual Studio Solution File, Format Version 12.00
# Visual Studio Version 16
VisualStudioVersion = 16.0.29613.14
MinimumVisualStudioVersion = 10.0.40219.1
Project("{FAE04EC0-301F-11D3-BF4B-00C04F79EFBC}") = "IfSintaxAlternativa", "IfSintaxAlternativa\IfSintaxAlternativa.csproj", "{33ED5FA5-BFFD-48FA-80F7-F33D56620635}"
EndProject
Global
	GlobalSection(SolutionConfigurationPlatforms) = preSolution
		Debug|Any CPU = Debug|Any CPU
		Release|Any CPU = Release|Any CPU
	EndGlobalSection
	GlobalSection(ProjectConfigurationPlatforms) = postSolution
		{33ED5FA5-BFFD-48FA-80F7-F33D56620635}.Debug|Any CPU.ActiveCfg = Debug|Any CPU
		{33ED5FA5-BFFD-48FA-80F7-F33D56620635}.Debug|Any CPU.Build.0 = Debug|Any CPU
		{33ED5FA5-BFFD-48FA-80F7-F33D56620635}.Release|Any CPU.ActiveCfg = Release|Any CPU
		{33ED5FA5-BFFD-48FA-80F7-F33D56620635}.Release|Any CPU.Build.0 = Release|Any CPU
	EndGlobalSection
	GlobalSection(SolutionProperties) = preSolution
		HideSolutionNode = FALSE
	EndGlobalSection
	GlobalSection(ExtensibilityGlobals) = postSolution
		SolutionGuid = {324BDE7F-3B8F-431D-8AE4-18C0B70A8E35}
	EndGlobalSection
EndGlobal
